
Microsoft Visual Studio Solution File, Format Version 12.00
# Visual Studio Version 17
VisualStudioVersion = 17.9.34714.143
MinimumVisualStudioVersion = 10.0.40219.1
Project("{FAE04EC0-301F-11D3-BF4B-00C04F79EFBC}") = "EWallet.API", "EWallet.API\EWallet.API.csproj", "{47077C37-9A41-47F9-B3EF-5E285B874DAB}"
EndProject
Global
	GlobalSection(SolutionConfigurationPlatforms) = preSolution
		Debug|Any CPU = Debug|Any CPU
		Release|Any CPU = Release|Any CPU
	EndGlobalSection
	GlobalSection(ProjectConfigurationPlatforms) = postSolution
		{47077C37-9A41-47F9-B3EF-5E285B874DAB}.Debug|Any CPU.ActiveCfg = Debug|Any CPU
		{47077C37-9A41-47F9-B3EF-5E285B874DAB}.Debug|Any CPU.Build.0 = Debug|Any CPU
		{47077C37-9A41-47F9-B3EF-5E285B874DAB}.Release|Any CPU.ActiveCfg = Release|Any CPU
		{47077C37-9A41-47F9-B3EF-5E285B874DAB}.Release|Any CPU.Build.0 = Release|Any CPU
	EndGlobalSection
	GlobalSection(SolutionProperties) = preSolution
		HideSolutionNode = FALSE
	EndGlobalSection
	GlobalSection(ExtensibilityGlobals) = postSolution
		SolutionGuid = {28FA3BF7-A7FE-46C9-AE50-C748860F6D05}
	EndGlobalSection
EndGlobal
